
Microsoft Visual Studio Solution File, Format Version 12.00
# Visual Studio 14
VisualStudioVersion = 14.0.24720.0
MinimumVisualStudioVersion = 10.0.40219.1
Project("{FAE04EC0-301F-11D3-BF4B-00C04F79EFBC}") = "UWPCharts", "UWPCharts\UWPCharts.csproj", "{56BD1409-F1B7-4E25-9265-5F1AC3A6B5B9}"
EndProject
Project("{FAE04EC0-301F-11D3-BF4B-00C04F79EFBC}") = "ChartApp", "ChartApp\ChartApp.csproj", "{CB8890BD-EF11-4FBA-A244-1F718B6DE245}"
EndProject
Global
	GlobalSection(SolutionConfigurationPlatforms) = preSolution
		Debug|Any CPU = Debug|Any CPU
		Debug|ARM = Debug|ARM
		Debug|x64 = Debug|x64
		Debug|x86 = Debug|x86
		Release|Any CPU = Release|Any CPU
		Release|ARM = Release|ARM
		Release|x64 = Release|x64
		Release|x86 = Release|x86
	EndGlobalSection
	GlobalSection(ProjectConfigurationPlatforms) = postSolution
		{56BD1409-F1B7-4E25-9265-5F1AC3A6B5B9}.Debug|Any CPU.ActiveCfg = Debug|Any CPU
		{56BD1409-F1B7-4E25-9265-5F1AC3A6B5B9}.Debug|Any CPU.Build.0 = Debug|Any CPU
		{56BD1409-F1B7-4E25-9265-5F1AC3A6B5B9}.Debug|ARM.ActiveCfg = Debug|ARM
		{56BD1409-F1B7-4E25-9265-5F1AC3A6B5B9}.Debug|ARM.Build.0 = Debug|ARM
		{56BD1409-F1B7-4E25-9265-5F1AC3A6B5B9}.Debug|x64.ActiveCfg = Debug|x64
		{56BD1409-F1B7-4E25-9265-5F1AC3A6B5B9}.Debug|x64.Build.0 = Debug|x64
		{56BD1409-F1B7-4E25-9265-5F1AC3A6B5B9}.Debug|x86.ActiveCfg = Debug|x86
		{56BD1409-F1B7-4E25-9265-5F1AC3A6B5B9}.Debug|x86.Build.0 = Debug|x86
		{56BD1409-F1B7-4E25-9265-5F1AC3A6B5B9}.Release|Any CPU.ActiveCfg = Release|Any CPU
		{56BD1409-F1B7-4E25-9265-5F1AC3A6B5B9}.Release|Any CPU.Build.0 = Release|Any CPU
		{56BD1409-F1B7-4E25-9265-5F1AC3A6B5B9}.Release|ARM.ActiveCfg = Release|ARM
		{56BD1409-F1B7-4E25-9265-5F1AC3A6B5B9}.Release|ARM.Build.0 = Release|ARM
		{56BD1409-F1B7-4E25-9265-5F1AC3A6B5B9}.Release|x64.ActiveCfg = Release|x64
		{56BD1409-F1B7-4E25-9265-5F1AC3A6B5B9}.Release|x64.Build.0 = Release|x64
		{56BD1409-F1B7-4E25-9265-5F1AC3A6B5B9}.Release|x86.ActiveCfg = Release|x86
		{56BD1409-F1B7-4E25-9265-5F1AC3A6B5B9}.Release|x86.Build.0 = Release|x86
		{CB8890BD-EF11-4FBA-A244-1F718B6DE245}.Debug|Any CPU.ActiveCfg = Debug|x64
		{CB8890BD-EF11-4FBA-A244-1F718B6DE245}.Debug|Any CPU.Build.0 = Debug|x64
		{CB8890BD-EF11-4FBA-A244-1F718B6DE245}.Debug|Any CPU.Deploy.0 = Debug|x64
		{CB8890BD-EF11-4FBA-A244-1F718B6DE245}.Debug|ARM.ActiveCfg = Debug|ARM
		{CB8890BD-EF11-4FBA-A244-1F718B6DE245}.Debug|ARM.Build.0 = Debug|ARM
		{CB8890BD-EF11-4FBA-A244-1F718B6DE245}.Debug|ARM.Deploy.0 = Debug|ARM
		{CB8890BD-EF11-4FBA-A244-1F718B6DE245}.Debug|x64.ActiveCfg = Debug|x64
		{CB8890BD-EF11-4FBA-A244-1F718B6DE245}.Debug|x64.Build.0 = Debug|x64
		{CB8890BD-EF11-4FBA-A244-1F718B6DE245}.Debug|x64.Deploy.0 = Debug|x64
		{CB8890BD-EF11-4FBA-A244-1F718B6DE245}.Debug|x86.ActiveCfg = Debug|x86
		{CB8890BD-EF11-4FBA-A244-1F718B6DE245}.Debug|x86.Build.0 = Debug|x86
		{CB8890BD-EF11-4FBA-A244-1F718B6DE245}.Debug|x86.Deploy.0 = Debug|x86
		{CB8890BD-EF11-4FBA-A244-1F718B6DE245}.Release|Any CPU.ActiveCfg = Release|x86
		{CB8890BD-EF11-4FBA-A244-1F718B6DE245}.Release|ARM.ActiveCfg = Release|ARM
		{CB8890BD-EF11-4FBA-A244-1F718B6DE245}.Release|ARM.Build.0 = Release|ARM
		{CB8890BD-EF11-4FBA-A244-1F718B6DE245}.Release|ARM.Deploy.0 = Release|ARM
		{CB8890BD-EF11-4FBA-A244-1F718B6DE245}.Release|x64.ActiveCfg = Release|x64
		{CB8890BD-EF11-4FBA-A244-1F718B6DE245}.Release|x64.Build.0 = Release|x64
		{CB8890BD-EF11-4FBA-A244-1F718B6DE245}.Release|x64.Deploy.0 = Release|x64
		{CB8890BD-EF11-4FBA-A244-1F718B6DE245}.Release|x86.ActiveCfg = Release|x86
		{CB8890BD-EF11-4FBA-A244-1F718B6DE245}.Release|x86.Build.0 = Release|x86
		{CB8890BD-EF11-4FBA-A244-1F718B6DE245}.Release|x86.Deploy.0 = Release|x86
	EndGlobalSection
	GlobalSection(SolutionProperties) = preSolution
		HideSolutionNode = FALSE
	EndGlobalSection
EndGlobal
